
Microsoft Visual Studio Solution File, Format Version 12.00
# Visual Studio Version 17
VisualStudioVersion = 17.1.32421.90
MinimumVisualStudioVersion = 10.0.40219.1
Project("{9A19103F-16F7-4668-BE54-9A1E7A4F7556}") = "console_multiple_environments", "console_multiple_environments\console_multiple_environments.csproj", "{F8E9F1BE-D681-4FC2-A37A-ECE7042C152F}"
EndProject
Project("{9A19103F-16F7-4668-BE54-9A1E7A4F7556}") = "webapi", "webapi\webapi.csproj", "{EEA0724E-298E-424F-9DBA-7AE0B549769A}"
EndProject
Project("{9A19103F-16F7-4668-BE54-9A1E7A4F7556}") = "queryable_enumerable", "queryable_enumerable\queryable_enumerable.csproj", "{A9B67059-2BF1-4981-83F8-CE384B5C5D8B}"
EndProject
Project("{9A19103F-16F7-4668-BE54-9A1E7A4F7556}") = "volatile_usage", "volatile_usage\volatile_usage.csproj", "{D04AAD42-BC2D-4351-ADE0-22EBF326DD81}"
EndProject
Project("{8BC9CEB8-8B4A-11D0-8D11-00A0C91BC942}") = "asm_demo", "asm_demo\asm_demo.vcxproj", "{14E4A3F8-BBD2-4AB0-BBD4-10E22E71FD01}"
EndProject
Project("{9A19103F-16F7-4668-BE54-9A1E7A4F7556}") = "channel_demo", "channel_demo\channel_demo.csproj", "{447AC4AD-75DC-4497-A26F-C5DBB7D4F831}"
EndProject
Project("{9A19103F-16F7-4668-BE54-9A1E7A4F7556}") = "interlock_demo", "interlock_demo\interlock_demo.csproj", "{7BAD169F-7097-4BBC-BC5D-B8999CC78886}"
EndProject
Project("{9A19103F-16F7-4668-BE54-9A1E7A4F7556}") = "pipe_demo", "pipe_demo\pipe_demo.csproj", "{FC82C3D8-1AD4-4E16-91F6-99EC09F35920}"
EndProject
Project("{9A19103F-16F7-4668-BE54-9A1E7A4F7556}") = "pipe_child_demo", "pip_child_demo\pipe_child_demo.csproj", "{96473B78-7CAB-4DE5-9610-0C61FF8C5ACD}"
EndProject
Project("{9A19103F-16F7-4668-BE54-9A1E7A4F7556}") = "dynamic_demo", "dynamic_demo\dynamic_demo.csproj", "{546CA454-4A2E-4F54-9C1F-BF4D372E28B8}"
EndProject
Project("{2150E333-8FDC-42A3-9474-1A3956D46DE8}") = "Solution Items", "Solution Items", "{C52CF0EC-1D77-4A90-8C10-1588A316A167}"
	ProjectSection(SolutionItems) = preProject
		.editorconfig = .editorconfig
	EndProjectSection
EndProject
Global
	GlobalSection(SolutionConfigurationPlatforms) = preSolution
		Debug|Any CPU = Debug|Any CPU
		Debug|x64 = Debug|x64
		Debug|x86 = Debug|x86
		Release|Any CPU = Release|Any CPU
		Release|x64 = Release|x64
		Release|x86 = Release|x86
	EndGlobalSection
	GlobalSection(ProjectConfigurationPlatforms) = postSolution
		{F8E9F1BE-D681-4FC2-A37A-ECE7042C152F}.Debug|Any CPU.ActiveCfg = Debug|Any CPU
		{F8E9F1BE-D681-4FC2-A37A-ECE7042C152F}.Debug|Any CPU.Build.0 = Debug|Any CPU
		{F8E9F1BE-D681-4FC2-A37A-ECE7042C152F}.Debug|x64.ActiveCfg = Debug|Any CPU
		{F8E9F1BE-D681-4FC2-A37A-ECE7042C152F}.Debug|x64.Build.0 = Debug|Any CPU
		{F8E9F1BE-D681-4FC2-A37A-ECE7042C152F}.Debug|x86.ActiveCfg = Debug|Any CPU
		{F8E9F1BE-D681-4FC2-A37A-ECE7042C152F}.Debug|x86.Build.0 = Debug|Any CPU
		{F8E9F1BE-D681-4FC2-A37A-ECE7042C152F}.Release|Any CPU.ActiveCfg = Release|Any CPU
		{F8E9F1BE-D681-4FC2-A37A-ECE7042C152F}.Release|Any CPU.Build.0 = Release|Any CPU
		{F8E9F1BE-D681-4FC2-A37A-ECE7042C152F}.Release|x64.ActiveCfg = Release|Any CPU
		{F8E9F1BE-D681-4FC2-A37A-ECE7042C152F}.Release|x64.Build.0 = Release|Any CPU
		{F8E9F1BE-D681-4FC2-A37A-ECE7042C152F}.Release|x86.ActiveCfg = Release|Any CPU
		{F8E9F1BE-D681-4FC2-A37A-ECE7042C152F}.Release|x86.Build.0 = Release|Any CPU
		{EEA0724E-298E-424F-9DBA-7AE0B549769A}.Debug|Any CPU.ActiveCfg = Debug|Any CPU
		{EEA0724E-298E-424F-9DBA-7AE0B549769A}.Debug|Any CPU.Build.0 = Debug|Any CPU
		{EEA0724E-298E-424F-9DBA-7AE0B549769A}.Debug|x64.ActiveCfg = Debug|Any CPU
		{EEA0724E-298E-424F-9DBA-7AE0B549769A}.Debug|x64.Build.0 = Debug|Any CPU
		{EEA0724E-298E-424F-9DBA-7AE0B549769A}.Debug|x86.ActiveCfg = Debug|Any CPU
		{EEA0724E-298E-424F-9DBA-7AE0B549769A}.Debug|x86.Build.0 = Debug|Any CPU
		{EEA0724E-298E-424F-9DBA-7AE0B549769A}.Release|Any CPU.ActiveCfg = Release|Any CPU
		{EEA0724E-298E-424F-9DBA-7AE0B549769A}.Release|Any CPU.Build.0 = Release|Any CPU
		{EEA0724E-298E-424F-9DBA-7AE0B549769A}.Release|x64.ActiveCfg = Release|Any CPU
		{EEA0724E-298E-424F-9DBA-7AE0B549769A}.Release|x64.Build.0 = Release|Any CPU
		{EEA0724E-298E-424F-9DBA-7AE0B549769A}.Release|x86.ActiveCfg = Release|Any CPU
		{EEA0724E-298E-424F-9DBA-7AE0B549769A}.Release|x86.Build.0 = Release|Any CPU
		{A9B67059-2BF1-4981-83F8-CE384B5C5D8B}.Debug|Any CPU.ActiveCfg = Debug|Any CPU
		{A9B67059-2BF1-4981-83F8-CE384B5C5D8B}.Debug|Any CPU.Build.0 = Debug|Any CPU
		{A9B67059-2BF1-4981-83F8-CE384B5C5D8B}.Debug|x64.ActiveCfg = Debug|Any CPU
		{A9B67059-2BF1-4981-83F8-CE384B5C5D8B}.Debug|x64.Build.0 = Debug|Any CPU
		{A9B67059-2BF1-4981-83F8-CE384B5C5D8B}.Debug|x86.ActiveCfg = Debug|Any CPU
		{A9B67059-2BF1-4981-83F8-CE384B5C5D8B}.Debug|x86.Build.0 = Debug|Any CPU
		{A9B67059-2BF1-4981-83F8-CE384B5C5D8B}.Release|Any CPU.ActiveCfg = Release|Any CPU
		{A9B67059-2BF1-4981-83F8-CE384B5C5D8B}.Release|Any CPU.Build.0 = Release|Any CPU
		{A9B67059-2BF1-4981-83F8-CE384B5C5D8B}.Release|x64.ActiveCfg = Release|Any CPU
		{A9B67059-2BF1-4981-83F8-CE384B5C5D8B}.Release|x64.Build.0 = Release|Any CPU
		{A9B67059-2BF1-4981-83F8-CE384B5C5D8B}.Release|x86.ActiveCfg = Release|Any CPU
		{A9B67059-2BF1-4981-83F8-CE384B5C5D8B}.Release|x86.Build.0 = Release|Any CPU
		{D04AAD42-BC2D-4351-ADE0-22EBF326DD81}.Debug|Any CPU.ActiveCfg = Debug|Any CPU
		{D04AAD42-BC2D-4351-ADE0-22EBF326DD81}.Debug|Any CPU.Build.0 = Debug|Any CPU
		{D04AAD42-BC2D-4351-ADE0-22EBF326DD81}.Debug|x64.ActiveCfg = Debug|Any CPU
		{D04AAD42-BC2D-4351-ADE0-22EBF326DD81}.Debug|x64.Build.0 = Debug|Any CPU
		{D04AAD42-BC2D-4351-ADE0-22EBF326DD81}.Debug|x86.ActiveCfg = Debug|Any CPU
		{D04AAD42-BC2D-4351-ADE0-22EBF326DD81}.Debug|x86.Build.0 = Debug|Any CPU
		{D04AAD42-BC2D-4351-ADE0-22EBF326DD81}.Release|Any CPU.ActiveCfg = Release|Any CPU
		{D04AAD42-BC2D-4351-ADE0-22EBF326DD81}.Release|Any CPU.Build.0 = Release|Any CPU
		{D04AAD42-BC2D-4351-ADE0-22EBF326DD81}.Release|x64.ActiveCfg = Release|Any CPU
		{D04AAD42-BC2D-4351-ADE0-22EBF326DD81}.Release|x64.Build.0 = Release|Any CPU
		{D04AAD42-BC2D-4351-ADE0-22EBF326DD81}.Release|x86.ActiveCfg = Release|Any CPU
		{D04AAD42-BC2D-4351-ADE0-22EBF326DD81}.Release|x86.Build.0 = Release|Any CPU
		{14E4A3F8-BBD2-4AB0-BBD4-10E22E71FD01}.Debug|Any CPU.ActiveCfg = Debug|x64
		{14E4A3F8-BBD2-4AB0-BBD4-10E22E71FD01}.Debug|Any CPU.Build.0 = Debug|x64
		{14E4A3F8-BBD2-4AB0-BBD4-10E22E71FD01}.Debug|x64.ActiveCfg = Debug|x64
		{14E4A3F8-BBD2-4AB0-BBD4-10E22E71FD01}.Debug|x64.Build.0 = Debug|x64
		{14E4A3F8-BBD2-4AB0-BBD4-10E22E71FD01}.Debug|x86.ActiveCfg = Debug|Win32
		{14E4A3F8-BBD2-4AB0-BBD4-10E22E71FD01}.Debug|x86.Build.0 = Debug|Win32
		{14E4A3F8-BBD2-4AB0-BBD4-10E22E71FD01}.Release|Any CPU.ActiveCfg = Release|x64
		{14E4A3F8-BBD2-4AB0-BBD4-10E22E71FD01}.Release|Any CPU.Build.0 = Release|x64
		{14E4A3F8-BBD2-4AB0-BBD4-10E22E71FD01}.Release|x64.ActiveCfg = Release|x64
		{14E4A3F8-BBD2-4AB0-BBD4-10E22E71FD01}.Release|x64.Build.0 = Release|x64
		{14E4A3F8-BBD2-4AB0-BBD4-10E22E71FD01}.Release|x86.ActiveCfg = Release|Win32
		{14E4A3F8-BBD2-4AB0-BBD4-10E22E71FD01}.Release|x86.Build.0 = Release|Win32
		{447AC4AD-75DC-4497-A26F-C5DBB7D4F831}.Debug|Any CPU.ActiveCfg = Debug|Any CPU
		{447AC4AD-75DC-4497-A26F-C5DBB7D4F831}.Debug|Any CPU.Build.0 = Debug|Any CPU
		{447AC4AD-75DC-4497-A26F-C5DBB7D4F831}.Debug|x64.ActiveCfg = Debug|Any CPU
		{447AC4AD-75DC-4497-A26F-C5DBB7D4F831}.Debug|x64.Build.0 = Debug|Any CPU
		{447AC4AD-75DC-4497-A26F-C5DBB7D4F831}.Debug|x86.ActiveCfg = Debug|Any CPU
		{447AC4AD-75DC-4497-A26F-C5DBB7D4F831}.Debug|x86.Build.0 = Debug|Any CPU
		{447AC4AD-75DC-4497-A26F-C5DBB7D4F831}.Release|Any CPU.ActiveCfg = Release|Any CPU
		{447AC4AD-75DC-4497-A26F-C5DBB7D4F831}.Release|Any CPU.Build.0 = Release|Any CPU
		{447AC4AD-75DC-4497-A26F-C5DBB7D4F831}.Release|x64.ActiveCfg = Release|Any CPU
		{447AC4AD-75DC-4497-A26F-C5DBB7D4F831}.Release|x64.Build.0 = Release|Any CPU
		{447AC4AD-75DC-4497-A26F-C5DBB7D4F831}.Release|x86.ActiveCfg = Release|Any CPU
		{447AC4AD-75DC-4497-A26F-C5DBB7D4F831}.Release|x86.Build.0 = Release|Any CPU
		{7BAD169F-7097-4BBC-BC5D-B8999CC78886}.Debug|Any CPU.ActiveCfg = Debug|Any CPU
		{7BAD169F-7097-4BBC-BC5D-B8999CC78886}.Debug|Any CPU.Build.0 = Debug|Any CPU
		{7BAD169F-7097-4BBC-BC5D-B8999CC78886}.Debug|x64.ActiveCfg = Debug|Any CPU
		{7BAD169F-7097-4BBC-BC5D-B8999CC78886}.Debug|x64.Build.0 = Debug|Any CPU
		{7BAD169F-7097-4BBC-BC5D-B8999CC78886}.Debug|x86.ActiveCfg = Debug|Any CPU
		{7BAD169F-7097-4BBC-BC5D-B8999CC78886}.Debug|x86.Build.0 = Debug|Any CPU
		{7BAD169F-7097-4BBC-BC5D-B8999CC78886}.Release|Any CPU.ActiveCfg = Release|Any CPU
		{7BAD169F-7097-4BBC-BC5D-B8999CC78886}.Release|Any CPU.Build.0 = Release|Any CPU
		{7BAD169F-7097-4BBC-BC5D-B8999CC78886}.Release|x64.ActiveCfg = Release|Any CPU
		{7BAD169F-7097-4BBC-BC5D-B8999CC78886}.Release|x64.Build.0 = Release|Any CPU
		{7BAD169F-7097-4BBC-BC5D-B8999CC78886}.Release|x86.ActiveCfg = Release|Any CPU
		{7BAD169F-7097-4BBC-BC5D-B8999CC78886}.Release|x86.Build.0 = Release|Any CPU
		{FC82C3D8-1AD4-4E16-91F6-99EC09F35920}.Debug|Any CPU.ActiveCfg = Debug|Any CPU
		{FC82C3D8-1AD4-4E16-91F6-99EC09F35920}.Debug|Any CPU.Build.0 = Debug|Any CPU
		{FC82C3D8-1AD4-4E16-91F6-99EC09F35920}.Debug|x64.ActiveCfg = Debug|Any CPU
		{FC82C3D8-1AD4-4E16-91F6-99EC09F35920}.Debug|x64.Build.0 = Debug|Any CPU
		{FC82C3D8-1AD4-4E16-91F6-99EC09F35920}.Debug|x86.ActiveCfg = Debug|Any CPU
		{FC82C3D8-1AD4-4E16-91F6-99EC09F35920}.Debug|x86.Build.0 = Debug|Any CPU
		{FC82C3D8-1AD4-4E16-91F6-99EC09F35920}.Release|Any CPU.ActiveCfg = Release|Any CPU
		{FC82C3D8-1AD4-4E16-91F6-99EC09F35920}.Release|Any CPU.Build.0 = Release|Any CPU
		{FC82C3D8-1AD4-4E16-91F6-99EC09F35920}.Release|x64.ActiveCfg = Release|Any CPU
		{FC82C3D8-1AD4-4E16-91F6-99EC09F35920}.Release|x64.Build.0 = Release|Any CPU
		{FC82C3D8-1AD4-4E16-91F6-99EC09F35920}.Release|x86.ActiveCfg = Release|Any CPU
		{FC82C3D8-1AD4-4E16-91F6-99EC09F35920}.Release|x86.Build.0 = Release|Any CPU
		{96473B78-7CAB-4DE5-9610-0C61FF8C5ACD}.Debug|Any CPU.ActiveCfg = Debug|Any CPU
		{96473B78-7CAB-4DE5-9610-0C61FF8C5ACD}.Debug|Any CPU.Build.0 = Debug|Any CPU
		{96473B78-7CAB-4DE5-9610-0C61FF8C5ACD}.Debug|x64.ActiveCfg = Debug|Any CPU
		{96473B78-7CAB-4DE5-9610-0C61FF8C5ACD}.Debug|x64.Build.0 = Debug|Any CPU
		{96473B78-7CAB-4DE5-9610-0C61FF8C5ACD}.Debug|x86.ActiveCfg = Debug|Any CPU
		{96473B78-7CAB-4DE5-9610-0C61FF8C5ACD}.Debug|x86.Build.0 = Debug|Any CPU
		{96473B78-7CAB-4DE5-9610-0C61FF8C5ACD}.Release|Any CPU.ActiveCfg = Release|Any CPU
		{96473B78-7CAB-4DE5-9610-0C61FF8C5ACD}.Release|Any CPU.Build.0 = Release|Any CPU
		{96473B78-7CAB-4DE5-9610-0C61FF8C5ACD}.Release|x64.ActiveCfg = Release|Any CPU
		{96473B78-7CAB-4DE5-9610-0C61FF8C5ACD}.Release|x64.Build.0 = Release|Any CPU
		{96473B78-7CAB-4DE5-9610-0C61FF8C5ACD}.Release|x86.ActiveCfg = Release|Any CPU
		{96473B78-7CAB-4DE5-9610-0C61FF8C5ACD}.Release|x86.Build.0 = Release|Any CPU
		{546CA454-4A2E-4F54-9C1F-BF4D372E28B8}.Debug|Any CPU.ActiveCfg = Debug|Any CPU
		{546CA454-4A2E-4F54-9C1F-BF4D372E28B8}.Debug|Any CPU.Build.0 = Debug|Any CPU
		{546CA454-4A2E-4F54-9C1F-BF4D372E28B8}.Debug|x64.ActiveCfg = Debug|Any CPU
		{546CA454-4A2E-4F54-9C1F-BF4D372E28B8}.Debug|x64.Build.0 = Debug|Any CPU
		{546CA454-4A2E-4F54-9C1F-BF4D372E28B8}.Debug|x86.ActiveCfg = Debug|Any CPU
		{546CA454-4A2E-4F54-9C1F-BF4D372E28B8}.Debug|x86.Build.0 = Debug|Any CPU
		{546CA454-4A2E-4F54-9C1F-BF4D372E28B8}.Release|Any CPU.ActiveCfg = Release|Any CPU
		{546CA454-4A2E-4F54-9C1F-BF4D372E28B8}.Release|Any CPU.Build.0 = Release|Any CPU
		{546CA454-4A2E-4F54-9C1F-BF4D372E28B8}.Release|x64.ActiveCfg = Release|Any CPU
		{546CA454-4A2E-4F54-9C1F-BF4D372E28B8}.Release|x64.Build.0 = Release|Any CPU
		{546CA454-4A2E-4F54-9C1F-BF4D372E28B8}.Release|x86.ActiveCfg = Release|Any CPU
		{546CA454-4A2E-4F54-9C1F-BF4D372E28B8}.Release|x86.Build.0 = Release|Any CPU
	EndGlobalSection
	GlobalSection(SolutionProperties) = preSolution
		HideSolutionNode = FALSE
	EndGlobalSection
	GlobalSection(ExtensibilityGlobals) = postSolution
		SolutionGuid = {ED2D489B-E0EF-4EF8-88BC-B16831578841}
	EndGlobalSection
EndGlobal
